github.com/milindmadhukar/ddp-go v0.1.0 h1:4oAs2dMqzA6Bq97Cw6luwATZi93W1UK1hWwwmPFbpiQ=
github.com/milindmadhukar/ddp-go v0.1.0/go.mod h1:zTj4m+GhIH+GrYc8Ea9oSKIOkCktU8e0a8+lId6v0bU=
golang.org/x/image v0.17.0 h1:nTRVVdajgB8zCMZVsViyzhnMKPwYeroEERRC64JuLco=
golang.org/x/image v0.17.0/go.mod h1:4yyo5vMFQjVjUcVk4jEQcU9MGy/rulF5WvUILseCM2E=
